
Microsoft Visual Studio Solution File, Format Version 12.00
Project("{FAE04EC0-301F-11D3-BF4B-00C04F79EFBC}") = "APBD2", "APBD2\APBD2.csproj", "{C808C485-B473-4C12-8C99-FE0DE5DCAF59}"
EndProject
Global
	GlobalSection(SolutionConfigurationPlatforms) = preSolution
		Debug|Any CPU = Debug|Any CPU
		Release|Any CPU = Release|Any CPU
	EndGlobalSection
	GlobalSection(ProjectConfigurationPlatforms) = postSolution
		{C808C485-B473-4C12-8C99-FE0DE5DCAF59}.Debug|Any CPU.ActiveCfg = Debug|Any CPU
		{C808C485-B473-4C12-8C99-FE0DE5DCAF59}.Debug|Any CPU.Build.0 = Debug|Any CPU
		{C808C485-B473-4C12-8C99-FE0DE5DCAF59}.Release|Any CPU.ActiveCfg = Release|Any CPU
		{C808C485-B473-4C12-8C99-FE0DE5DCAF59}.Release|Any CPU.Build.0 = Release|Any CPU
	EndGlobalSection
EndGlobal
